// !$*UTF8*$!
{
	archiveVersion = 1;
	classes = {
	};
	objectVersion = 77;
	objects = {

/* Begin PBXContainerItemProxy section */
		026BF8992D32F28D00954F58 /* PBXContainerItemProxy */ = {
			isa = PBXContainerItemProxy;
			containerPortal = 026BF8802D32F28C00954F58 /* Project object */;
			proxyType = 1;
			remoteGlobalIDString = 026BF8872D32F28C00954F58;
			remoteInfo = CoffeeBeansAnimationApp;
		};
		026BF8A32D32F28D00954F58 /* PBXContainerItemProxy */ = {
			isa = PBXContainerItemProxy;
			containerPortal = 026BF8802D32F28C00954F58 /* Project object */;
			proxyType = 1;
			remoteGlobalIDString = 026BF8872D32F28C00954F58;
			remoteInfo = CoffeeBeansAnimationApp;
		};
/* End PBXContainerItemProxy section */

/* Begin PBXFileReference section */
		026BF8882D32F28C00954F58 /* CoffeeBeansAnimationApp.app */ = {isa = PBXFileReference; explicitFileType = wrapper.application; includeInIndex = 0; path = CoffeeBeansAnimationApp.app; sourceTree = BUILT_PRODUCTS_DIR; };
		026BF8982D32F28D00954F58 /* CoffeeBeansAnimationAppTests.xctest */ = {isa = PBXFileReference; explicitFileType = wrapper.cfbundle; includeInIndex = 0; path = CoffeeBeansAnimationAppTests.xctest; sourceTree = BUILT_PRODUCTS_DIR; };
		026BF8A22D32F28D00954F58 /* CoffeeBeansAnimationAppUITests.xctest */ = {isa = PBXFileReference; explicitFileType = wrapper.cfbundle; includeInIndex = 0; path = CoffeeBeansAnimationAppUITests.xctest; sourceTree = BUILT_PRODUCTS_DIR; };
/* End PBXFileReference section */

/* Begin PBXFileSystemSynchronizedRootGroup section */
		026BF88A2D32F28C00954F58 /* CoffeeBeansAnimationApp */ = {
			isa = PBXFileSystemSynchronizedRootGroup;
			path = CoffeeBeansAnimationApp;
			sourceTree = "<group>";
		};
		026BF89B2D32F28D00954F58 /* CoffeeBeansAnimationAppTests */ = {
			isa = PBXFileSystemSynchronizedRootGroup;
			path = CoffeeBeansAnimationAppTests;
			sourceTree = "<group>";
		};
		026BF8A52D32F28D00954F58 /* CoffeeBeansAnimationAppUITests */ = {
			isa = PBXFileSystemSynchronizedRootGroup;
			path = CoffeeBeansAnimationAppUITests;
			sourceTree = "<group>";
		};
/* End PBXFileSystemSynchronizedRootGroup section */

/* Begin PBXFrameworksBuildPhase section */
		026BF8852D32F28C00954F58 /* Frameworks */ = {
			isa = PBXFrameworksBuildPhase;
			buildActionMask = 2147483647;
			files = (
			);
			runOnlyForDeploymentPostprocessing = 0;
		};
		026BF8952D32F28D00954F58 /* Frameworks */ = {
			isa = PBXFrameworksBuildPhase;
			buildActionMask = 2147483647;
			files = (
			);
			runOnlyForDeploymentPostprocessing = 0;
		};
		026BF89F2D32F28D00954F58 /* Frameworks */ = {
			isa = PBXFrameworksBuildPhase;
			buildActionMask = 2147483647;
			files = (
			);
			runOnlyForDeploymentPostprocessing = 0;
		};
/* End PBXFrameworksBuildPhase section */

/* Begin PBXGroup section */
		026BF87F2D32F28C00954F58 = {
			isa = PBXGroup;
			children = (
				026BF88A2D32F28C00954F58 /* CoffeeBeansAnimationApp */,
				026BF89B2D32F28D00954F58 /* CoffeeBeansAnimationAppTests */,
				026BF8A52D32F28D00954F58 /* CoffeeBeansAnimationAppUITests */,
				026BF8892D32F28C00954F58 /* Products */,
			);
			sourceTree = "<group>";
		};
		026BF8892D32F28C00954F58 /* Products */ = {
			isa = PBXGroup;
			children = (
				026BF8882D32F28C00954F58 /* CoffeeBeansAnimationApp.app */,
				026BF8982D32F28D00954F58 /* CoffeeBeansAnimationAppTests.xctest */,
				026BF8A22D32F28D00954F58 /* CoffeeBeansAnimationAppUITests.xctest */,
			);
			name = Products;
			sourceTree = "<group>";
		};
/* End PBXGroup section */

/* Begin PBXNativeTarget section */
		026BF8872D32F28C00954F58 /* CoffeeBeansAnimationApp */ = {
			isa = PBXNativeTarget;
			buildConfigurationList = 026BF8AC2D32F28D00954F58 /* Build configuration list for PBXNativeTarget "CoffeeBeansAnimationApp" */;
			buildPhases = (
				026BF8842D32F28C00954F58 /* Sources */,
				026BF8852D32F28C00954F58 /* Frameworks */,
				026BF8862D32F28C00954F58 /* Resources */,
			);
			buildRules = (
			);
			dependencies = (
			);
			fileSystemSynchronizedGroups = (
				026BF88A2D32F28C00954F58 /* CoffeeBeansAnimationApp */,
			);
			name = CoffeeBeansAnimationApp;
			packageProductDependencies = (
			);
			productName = CoffeeBeansAnimationApp;
			productReference = 026BF8882D32F28C00954F58 /* CoffeeBeansAnimationApp.app */;
			productType = "com.apple.product-type.application";
		};
		026BF8972D32F28D00954F58 /* CoffeeBeansAnimationAppTests */ = {
			isa = PBXNativeTarget;
			buildConfigurationList = 026BF8AF2D32F28D00954F58 /* Build configuration list for PBXNativeTarget "CoffeeBeansAnimationAppTests" */;
			buildPhases = (
				026BF8942D32F28D00954F58 /* Sources */,
				026BF8952D32F28D00954F58 /* Frameworks */,
				026BF8962D32F28D00954F58 /* Resources */,
			);
			buildRules = (
			);
			dependencies = (
				026BF89A2D32F28D00954F58 /* PBXTargetDependency */,
			);
			fileSystemSynchronizedGroups = (
				026BF89B2D32F28D00954F58 /* CoffeeBeansAnimationAppTests */,
			);
			name = CoffeeBeansAnimationAppTests;
			packageProductDependencies = (
			);
			productName = CoffeeBeansAnimationAppTests;
			productReference = 026BF8982D32F28D00954F58 /* CoffeeBeansAnimationAppTests.xctest */;
			productType = "com.apple.product-type.bundle.unit-test";
		};
		026BF8A12D32F28D00954F58 /* CoffeeBeansAnimationAppUITests */ = {
			isa = PBXNativeTarget;
			buildConfigurationList = 026BF8B22D32F28D00954F58 /* Build configuration list for PBXNativeTarget "CoffeeBeansAnimationAppUITests" */;
			buildPhases = (
				026BF89E2D32F28D00954F58 /* Sources */,
				026BF89F2D32F28D00954F58 /* Frameworks */,
				026BF8A02D32F28D00954F58 /* Resources */,
			);
			buildRules = (
			);
			dependencies = (
				026BF8A42D32F28D00954F58 /* PBXTargetDependency */,
			);
			fileSystemSynchronizedGroups = (
				026BF8A52D32F28D00954F58 /* CoffeeBeansAnimationAppUITests */,
			);
			name = CoffeeBeansAnimationAppUITests;
			packageProductDependencies = (
			);
			productName = CoffeeBeansAnimationAppUITests;
			productReference = 026BF8A22D32F28D00954F58 /* CoffeeBeansAnimationAppUITests.xctest */;
			productType = "com.apple.product-type.bundle.ui-testing";
		};
/* End PBXNativeTarget section */

/* Begin PBXProject section */
		026BF8802D32F28C00954F58 /* Project object */ = {
			isa = PBXProject;
			attributes = {
				BuildIndependentTargetsInParallel = 1;
				LastSwiftUpdateCheck = 1610;
				LastUpgradeCheck = 1610;
				TargetAttributes = {
					026BF8872D32F28C00954F58 = {
						CreatedOnToolsVersion = 16.1;
					};
					026BF8972D32F28D00954F58 = {
						CreatedOnToolsVersion = 16.1;
						TestTargetID = 026BF8872D32F28C00954F58;
					};
					026BF8A12D32F28D00954F58 = {
						CreatedOnToolsVersion = 16.1;
						TestTargetID = 026BF8872D32F28C00954F58;
					};
				};
			};
			buildConfigurationList = 026BF8832D32F28C00954F58 /* Build configuration list for PBXProject "CoffeeBeansAnimationApp" */;
			developmentRegion = en;
			hasScannedForEncodings = 0;
			knownRegions = (
				en,
				Base,
			);
			mainGroup = 026BF87F2D32F28C00954F58;
			minimizedProjectReferenceProxies = 1;
			preferredProjectObjectVersion = 77;
			productRefGroup = 026BF8892D32F28C00954F58 /* Products */;
			projectDirPath = "";
			projectRoot = "";
			targets = (
				026BF8872D32F28C00954F58 /* CoffeeBeansAnimationApp */,
				026BF8972D32F28D00954F58 /* CoffeeBeansAnimationAppTests */,
				026BF8A12D32F28D00954F58 /* CoffeeBeansAnimationAppUITests */,
			);
		};
/* End PBXProject section */

/* Begin PBXResourcesBuildPhase section */
		026BF8862D32F28C00954F58 /* Resources */ = {
			isa = PBXResourcesBuildPhase;
			buildActionMask = 2147483647;
			files = (
			);
			runOnlyForDeploymentPostprocessing = 0;
		};
		026BF8962D32F28D00954F58 /* Resources */ = {
			isa = PBXResourcesBuildPhase;
			buildActionMask = 2147483647;
			files = (
			);
			runOnlyForDeploymentPostprocessing = 0;
		};
		026BF8A02D32F28D00954F58 /* Resources */ = {
			isa = PBXResourcesBuildPhase;
			buildActionMask = 2147483647;
			files = (
			);
			runOnlyForDeploymentPostprocessing = 0;
		};
/* End PBXResourcesBuildPhase section */

/* Begin PBXSourcesBuildPhase section */
		026BF8842D32F28C00954F58 /* Sources */ = {
			isa = PBXSourcesBuildPhase;
			buildActionMask = 2147483647;
			files = (
			);
			runOnlyForDeploymentPostprocessing = 0;
		};
		026BF8942D32F28D00954F58 /* Sources */ = {
			isa = PBXSourcesBuildPhase;
			buildActionMask = 2147483647;
			files = (
			);
			runOnlyForDeploymentPostprocessing = 0;
		};
		026BF89E2D32F28D00954F58 /* Sources */ = {
			isa = PBXSourcesBuildPhase;
			buildActionMask = 2147483647;
			files = (
			);
			runOnlyForDeploymentPostprocessing = 0;
		};
/* End PBXSourcesBuildPhase section */

/* Begin PBXTargetDependency section */
		026BF89A2D32F28D00954F58 /* PBXTargetDependency */ = {
			isa = PBXTargetDependency;
			target = 026BF8872D32F28C00954F58 /* CoffeeBeansAnimationApp */;
			targetProxy = 026BF8992D32F28D00954F58 /* PBXContainerItemProxy */;
		};
		026BF8A42D32F28D00954F58 /* PBXTargetDependency */ = {
			isa = PBXTargetDependency;
			target = 026BF8872D32F28C00954F58 /* CoffeeBeansAnimationApp */;
			targetProxy = 026BF8A32D32F28D00954F58 /* PBXContainerItemProxy */;
		};
/* End PBXTargetDependency section */

/* Begin XCBuildConfiguration section */
		026BF8AA2D32F28D00954F58 /* Debug */ = {
			isa = XCBuildConfiguration;
			buildSettings = {
				ALWAYS_SEARCH_USER_PATHS = NO;
				ASSETCATALOG_COMPILER_GENERATE_SWIFT_ASSET_SYMBOL_EXTENSIONS = YES;
				CLANG_ANALYZER_NONNULL = YES;
				CLANG_ANALYZER_NUMBER_OBJECT_CONVERSION = YES_AGGRESSIVE;
				CLANG_CXX_LANGUAGE_STANDARD = "gnu++20";
				CLANG_ENABLE_MODULES = YES;
				CLANG_ENABLE_OBJC_ARC = YES;
				CLANG_ENABLE_OBJC_WEAK = YES;
				CLANG_WARN_BLOCK_CAPTURE_AUTORELEASING = YES;
				CLANG_WARN_BOOL_CONVERSION = YES;
				CLANG_WARN_COMMA = YES;
				CLANG_WARN_CONSTANT_CONVERSION = YES;
				CLANG_WARN_DEPRECATED_OBJC_IMPLEMENTATIONS = YES;
				CLANG_WARN_DIRECT_OBJC_ISA_USAGE = YES_ERROR;
				CLANG_WARN_DOCUMENTATION_COMMENTS = YES;
				CLANG_WARN_EMPTY_BODY = YES;
				CLANG_WARN_ENUM_CONVERSION = YES;
				CLANG_WARN_INFINITE_RECURSION = YES;
				CLANG_WARN_INT_CONVERSION = YES;
				CLANG_WARN_NON_LITERAL_NULL_CONVERSION = YES;
				CLANG_WARN_OBJC_IMPLICIT_RETAIN_SELF = YES;
				CLANG_WARN_OBJC_LITERAL_CONVERSION = YES;
				CLANG_WARN_OBJC_ROOT_CLASS = YES_ERROR;
				CLANG_WARN_QUOTED_INCLUDE_IN_FRAMEWORK_HEADER = YES;
				CLANG_WARN_RANGE_LOOP_ANALYSIS = YES;
				CLANG_WARN_STRICT_PROTOTYPES = YES;
				CLANG_WARN_SUSPICIOUS_MOVE = YES;
				CLANG_WARN_UNGUARDED_AVAILABILITY = YES_AGGRESSIVE;
				CLANG_WARN_UNREACHABLE_CODE = YES;
				CLANG_WARN__DUPLICATE_METHOD_MATCH = YES;
				COPY_PHASE_STRIP = NO;
				DEBUG_INFORMATION_FORMAT = dwarf;
				ENABLE_STRICT_OBJC_MSGSEND = YES;
				ENABLE_TESTABILITY = YES;
				ENABLE_USER_SCRIPT_SANDBOXING = YES;
				GCC_C_LANGUAGE_STANDARD = gnu17;
				GCC_DYNAMIC_NO_PIC = NO;
				GCC_NO_COMMON_BLOCKS = YES;
				GCC_OPTIMIZATION_LEVEL = 0;
				GCC_PREPROCESSOR_DEFINITIONS = (
					"DEBUG=1",
					"$(inherited)",
				);
				GCC_WARN_64_TO_32_BIT_CONVERSION = YES;
				GCC_WARN_ABOUT_RETURN_TYPE = YES_ERROR;
				GCC_WARN_UNDECLARED_SELECTOR = YES;
				GCC_WARN_UNINITIALIZED_AUTOS = YES_AGGRESSIVE;
				GCC_WARN_UNUSED_FUNCTION = YES;
				GCC_WARN_UNUSED_VARIABLE = YES;
				IPHONEOS_DEPLOYMENT_TARGET = 18.1;
				LOCALIZATION_PREFERS_STRING_CATALOGS = YES;
				MTL_ENABLE_DEBUG_INFO = INCLUDE_SOURCE;
				MTL_FAST_MATH = YES;
				ONLY_ACTIVE_ARCH = YES;
				SDKROOT = iphoneos;
				SWIFT_ACTIVE_COMPILATION_CONDITIONS = "DEBUG $(inherited)";
				SWIFT_OPTIMIZATION_LEVEL = "-Onone";
			};
			name = Debug;
		};
		026BF8AB2D32F28D00954F58 /* Release */ = {
			isa = XCBuildConfiguration;
			buildSettings = {
				ALWAYS_SEARCH_USER_PATHS = NO;
				ASSETCATALOG_COMPILER_GENERATE_SWIFT_ASSET_SYMBOL_EXTENSIONS = YES;
				CLANG_ANALYZER_NONNULL = YES;
				CLANG_ANALYZER_NUMBER_OBJECT_CONVERSION = YES_AGGRESSIVE;
				CLANG_CXX_LANGUAGE_STANDARD = "gnu++20";
				CLANG_ENABLE_MODULES = YES;
				CLANG_ENABLE_OBJC_ARC = YES;
				CLANG_ENABLE_OBJC_WEAK = YES;
				CLANG_WARN_BLOCK_CAPTURE_AUTORELEASING = YES;
				CLANG_WARN_BOOL_CONVERSION = YES;
				CLANG_WARN_COMMA = YES;
				CLANG_WARN_CONSTANT_CONVERSION = YES;
				CLANG_WARN_DEPRECATED_OBJC_IMPLEMENTATIONS = YES;
				CLANG_WARN_DIRECT_OBJC_ISA_USAGE = YES_ERROR;
				CLANG_WARN_DOCUMENTATION_COMMENTS = YES;
				CLANG_WARN_EMPTY_BODY = YES;
				CLANG_WARN_ENUM_CONVERSION = YES;
				CLANG_WARN_INFINITE_RECURSION = YES;
				CLANG_WARN_INT_CONVERSION = YES;
				CLANG_WARN_NON_LITERAL_NULL_CONVERSION = YES;
				CLANG_WARN_OBJC_IMPLICIT_RETAIN_SELF = YES;
				CLANG_WARN_OBJC_LITERAL_CONVERSION = YES;
				CLANG_WARN_OBJC_ROOT_CLASS = YES_ERROR;
				CLANG_WARN_QUOTED_INCLUDE_IN_FRAMEWORK_HEADER = YES;
				CLANG_WARN_RANGE_LOOP_ANALYSIS = YES;
				CLANG_WARN_STRICT_PROTOTYPES = YES;
				CLANG_WARN_SUSPICIOUS_MOVE = YES;
				CLANG_WARN_UNGUARDED_AVAILABILITY = YES_AGGRESSIVE;
				CLANG_WARN_UNREACHABLE_CODE = YES;
				CLANG_WARN__DUPLICATE_METHOD_MATCH = YES;
				COPY_PHASE_STRIP = NO;
				DEBUG_INFORMATION_FORMAT = "dwarf-with-dsym";
				ENABLE_NS_ASSERTIONS = NO;
				ENABLE_STRICT_OBJC_MSGSEND = YES;
				ENABLE_USER_SCRIPT_SANDBOXING = YES;
				GCC_C_LANGUAGE_STANDARD = gnu17;
				GCC_NO_COMMON_BLOCKS = YES;
				GCC_WARN_64_TO_32_BIT_CONVERSION = YES;
				GCC_WARN_ABOUT_RETURN_TYPE = YES_ERROR;
				GCC_WARN_UNDECLARED_SELECTOR = YES;
				GCC_WARN_UNINITIALIZED_AUTOS = YES_AGGRESSIVE;
				GCC_WARN_UNUSED_FUNCTION = YES;
				GCC_WARN_UNUSED_VARIABLE = YES;
				IPHONEOS_DEPLOYMENT_TARGET = 18.1;
				LOCALIZATION_PREFERS_STRING_CATALOGS = YES;
				MTL_ENABLE_DEBUG_INFO = NO;
				MTL_FAST_MATH = YES;
				SDKROOT = iphoneos;
				SWIFT_COMPILATION_MODE = wholemodule;
				VALIDATE_PRODUCT = YES;
			};
			name = Release;
		};
		026BF8AD2D32F28D00954F58 /* Debug */ = {
			isa = XCBuildConfiguration;
			buildSettings = {
				ASSETCATALOG_COMPILER_APPICON_NAME = AppIcon;
				ASSETCATALOG_COMPILER_GLOBAL_ACCENT_COLOR_NAME = AccentColor;
				CODE_SIGN_STYLE = Automatic;
				CURRENT_PROJECT_VERSION = 1;
				DEVELOPMENT_ASSET_PATHS = "\"CoffeeBeansAnimationApp/Preview Content\"";
				DEVELOPMENT_TEAM = ANNM3BXP39;
				ENABLE_PREVIEWS = YES;
				GENERATE_INFOPLIST_FILE = YES;
				INFOPLIST_KEY_UIApplicationSceneManifest_Generation = YES;
				INFOPLIST_KEY_UIApplicationSupportsIndirectInputEvents = YES;
				INFOPLIST_KEY_UILaunchScreen_Generation = YES;
				INFOPLIST_KEY_UISupportedInterfaceOrientations_iPad = "UIInterfaceOrientationPortrait UIInterfaceOrientationPortraitUpsideDown UIInterfaceOrientationLandscapeLeft UIInterfaceOrientationLandscapeRight";
				INFOPLIST_KEY_UISupportedInterfaceOrientations_iPhone = "UIInterfaceOrientationPortrait UIInterfaceOrientationLandscapeLeft UIInterfaceOrientationLandscapeRight";
				LD_RUNPATH_SEARCH_PATHS = (
					"$(inherited)",
					"@executable_path/Frameworks",
				);
				MARKETING_VERSION = 1.0;
				PRODUCT_BUNDLE_IDENTIFIER = me.CoffeeBeansAnimationApp;
				PRODUCT_NAME = "$(TARGET_NAME)";
				SWIFT_EMIT_LOC_STRINGS = YES;
				SWIFT_VERSION = 5.0;
				TARGETED_DEVICE_FAMILY = "1,2";
			};
			name = Debug;
		};
		026BF8AE2D32F28D00954F58 /* Release */ = {
			isa = XCBuildConfiguration;
			buildSettings = {
				ASSETCATALOG_COMPILER_APPICON_NAME = AppIcon;
				ASSETCATALOG_COMPILER_GLOBAL_ACCENT_COLOR_NAME = AccentColor;
				CODE_SIGN_STYLE = Automatic;
				CURRENT_PROJECT_VERSION = 1;
				DEVELOPMENT_ASSET_PATHS = "\"CoffeeBeansAnimationApp/Preview Content\"";
				DEVELOPMENT_TEAM = ANNM3BXP39;
				ENABLE_PREVIEWS = YES;
				GENERATE_INFOPLIST_FILE = YES;
				INFOPLIST_KEY_UIApplicationSceneManifest_Generation = YES;
				INFOPLIST_KEY_UIApplicationSupportsIndirectInputEvents = YES;
				INFOPLIST_KEY_UILaunchScreen_Generation = YES;
				INFOPLIST_KEY_UISupportedInterfaceOrientations_iPad = "UIInterfaceOrientationPortrait UIInterfaceOrientationPortraitUpsideDown UIInterfaceOrientationLandscapeLeft UIInterfaceOrientationLandscapeRight";
				INFOPLIST_KEY_UISupportedInterfaceOrientations_iPhone = "UIInterfaceOrientationPortrait UIInterfaceOrientationLandscapeLeft UIInterfaceOrientationLandscapeRight";
				LD_RUNPATH_SEARCH_PATHS = (
					"$(inherited)",
					"@executable_path/Frameworks",
				);
				MARKETING_VERSION = 1.0;
				PRODUCT_BUNDLE_IDENTIFIER = me.CoffeeBeansAnimationApp;
				PRODUCT_NAME = "$(TARGET_NAME)";
				SWIFT_EMIT_LOC_STRINGS = YES;
				SWIFT_VERSION = 5.0;
				TARGETED_DEVICE_FAMILY = "1,2";
			};
			name = Release;
		};
		026BF8B02D32F28D00954F58 /* Debug */ = {
			isa = XCBuildConfiguration;
			buildSettings = {
				BUNDLE_LOADER = "$(TEST_HOST)";
				CODE_SIGN_STYLE = Automatic;
				CURRENT_PROJECT_VERSION = 1;
				DEVELOPMENT_TEAM = ANNM3BXP39;
				GENERATE_INFOPLIST_FILE = YES;
				IPHONEOS_DEPLOYMENT_TARGET = 18.1;
				MARKETING_VERSION = 1.0;
				PRODUCT_BUNDLE_IDENTIFIER = me.CoffeeBeansAnimationAppTests;
				PRODUCT_NAME = "$(TARGET_NAME)";
				SWIFT_EMIT_LOC_STRINGS = NO;
				SWIFT_VERSION = 5.0;
				TARGETED_DEVICE_FAMILY = "1,2";
				TEST_HOST = "$(BUILT_PRODUCTS_DIR)/CoffeeBeansAnimationApp.app/$(BUNDLE_EXECUTABLE_FOLDER_PATH)/CoffeeBeansAnimationApp";
			};
			name = Debug;
		};
		026BF8B12D32F28D00954F58 /* Release */ = {
			isa = XCBuildConfiguration;
			buildSettings = {
				BUNDLE_LOADER = "$(TEST_HOST)";
				CODE_SIGN_STYLE = Automatic;
				CURRENT_PROJECT_VERSION = 1;
				DEVELOPMENT_TEAM = ANNM3BXP39;
				GENERATE_INFOPLIST_FILE = YES;
				IPHONEOS_DEPLOYMENT_TARGET = 18.1;
				MARKETING_VERSION = 1.0;
				PRODUCT_BUNDLE_IDENTIFIER = me.CoffeeBeansAnimationAppTests;
				PRODUCT_NAME = "$(TARGET_NAME)";
				SWIFT_EMIT_LOC_STRINGS = NO;
				SWIFT_VERSION = 5.0;
				TARGETED_DEVICE_FAMILY = "1,2";
				TEST_HOST = "$(BUILT_PRODUCTS_DIR)/CoffeeBeansAnimationApp.app/$(BUNDLE_EXECUTABLE_FOLDER_PATH)/CoffeeBeansAnimationApp";
			};
			name = Release;
		};
		026BF8B32D32F28D00954F58 /* Debug */ = {
			isa = XCBuildConfiguration;
			buildSettings = {
				CODE_SIGN_STYLE = Automatic;
				CURRENT_PROJECT_VERSION = 1;
				DEVELOPMENT_TEAM = ANNM3BXP39;
				GENERATE_INFOPLIST_FILE = YES;
				MARKETING_VERSION = 1.0;
				PRODUCT_BUNDLE_IDENTIFIER = me.CoffeeBeansAnimationAppUITests;
				PRODUCT_NAME = "$(TARGET_NAME)";
				SWIFT_EMIT_LOC_STRINGS = NO;
				SWIFT_VERSION = 5.0;
				TARGETED_DEVICE_FAMILY = "1,2";
				TEST_TARGET_NAME = CoffeeBeansAnimationApp;
			};
			name = Debug;
		};
		026BF8B42D32F28D00954F58 /* Release */ = {
			isa = XCBuildConfiguration;
			buildSettings = {
				CODE_SIGN_STYLE = Automatic;
				CURRENT_PROJECT_VERSION = 1;
				DEVELOPMENT_TEAM = ANNM3BXP39;
				GENERATE_INFOPLIST_FILE = YES;
				MARKETING_VERSION = 1.0;
				PRODUCT_BUNDLE_IDENTIFIER = me.CoffeeBeansAnimationAppUITests;
				PRODUCT_NAME = "$(TARGET_NAME)";
				SWIFT_EMIT_LOC_STRINGS = NO;
				SWIFT_VERSION = 5.0;
				TARGETED_DEVICE_FAMILY = "1,2";
				TEST_TARGET_NAME = CoffeeBeansAnimationApp;
			};
			name = Release;
		};
/* End XCBuildConfiguration section */

/* Begin XCConfigurationList section */
		026BF8832D32F28C00954F58 /* Build configuration list for PBXProject "CoffeeBeansAnimationApp" */ = {
			isa = XCConfigurationList;
			buildConfigurations = (
				026BF8AA2D32F28D00954F58 /* Debug */,
				026BF8AB2D32F28D00954F58 /* Release */,
			);
			defaultConfigurationIsVisible = 0;
			defaultConfigurationName = Release;
		};
		026BF8AC2D32F28D00954F58 /* Build configuration list for PBXNativeTarget "CoffeeBeansAnimationApp" */ = {
			isa = XCConfigurationList;
			buildConfigurations = (
				026BF8AD2D32F28D00954F58 /* Debug */,
				026BF8AE2D32F28D00954F58 /* Release */,
			);
			defaultConfigurationIsVisible = 0;
			defaultConfigurationName = Release;
		};
		026BF8AF2D32F28D00954F58 /* Build configuration list for PBXNativeTarget "CoffeeBeansAnimationAppTests" */ = {
			isa = XCConfigurationList;
			buildConfigurations = (
				026BF8B02D32F28D00954F58 /* Debug */,
				026BF8B12D32F28D00954F58 /* Release */,
			);
			defaultConfigurationIsVisible = 0;
			defaultConfigurationName = Release;
		};
		026BF8B22D32F28D00954F58 /* Build configuration list for PBXNativeTarget "CoffeeBeansAnimationAppUITests" */ = {
			isa = XCConfigurationList;
			buildConfigurations = (
				026BF8B32D32F28D00954F58 /* Debug */,
				026BF8B42D32F28D00954F58 /* Release */,
			);
			defaultConfigurationIsVisible = 0;
			defaultConfigurationName = Release;
		};
/* End XCConfigurationList section */
	};
	rootObject = 026BF8802D32F28C00954F58 /* Project object */;
}
